
Microsoft Visual Studio Solution File, Format Version 12.00
# Visual Studio Version 16
VisualStudioVersion = 16.0.808.4
MinimumVisualStudioVersion = 10.0.40219.1
Project("{FAE04EC0-301F-11D3-BF4B-00C04F79EFBC}") = "RestApiCourceTurorial", "RestApiCourceTurorial.csproj", "{7FAC025B-C12E-4A85-8DB1-18647FE4B248}"
EndProject
Project("{FAE04EC0-301F-11D3-BF4B-00C04F79EFBC}") = "RestApiCourseTutorial.IntegrationTests", "RestApiCourseTutorial.IntegrationTests\RestApiCourseTutorial.IntegrationTests.csproj", "{D8DFEC51-D1A5-4F4E-852E-258B102162DF}"
EndProject
Global
	GlobalSection(SolutionConfigurationPlatforms) = preSolution
		Debug|Any CPU = Debug|Any CPU
		Release|Any CPU = Release|Any CPU
	EndGlobalSection
	GlobalSection(ProjectConfigurationPlatforms) = postSolution
		{7FAC025B-C12E-4A85-8DB1-18647FE4B248}.Debug|Any CPU.ActiveCfg = Debug|Any CPU
		{7FAC025B-C12E-4A85-8DB1-18647FE4B248}.Debug|Any CPU.Build.0 = Debug|Any CPU
		{7FAC025B-C12E-4A85-8DB1-18647FE4B248}.Release|Any CPU.ActiveCfg = Release|Any CPU
		{7FAC025B-C12E-4A85-8DB1-18647FE4B248}.Release|Any CPU.Build.0 = Release|Any CPU
		{D8DFEC51-D1A5-4F4E-852E-258B102162DF}.Debug|Any CPU.ActiveCfg = Debug|Any CPU
		{D8DFEC51-D1A5-4F4E-852E-258B102162DF}.Debug|Any CPU.Build.0 = Debug|Any CPU
		{D8DFEC51-D1A5-4F4E-852E-258B102162DF}.Release|Any CPU.ActiveCfg = Release|Any CPU
		{D8DFEC51-D1A5-4F4E-852E-258B102162DF}.Release|Any CPU.Build.0 = Release|Any CPU
	EndGlobalSection
	GlobalSection(SolutionProperties) = preSolution
		HideSolutionNode = FALSE
	EndGlobalSection
	GlobalSection(ExtensibilityGlobals) = postSolution
		SolutionGuid = {ECE7DF74-051F-46A3-9803-D8E2539A2225}
	EndGlobalSection
EndGlobal
